// !$*UTF8*$!
{
	archiveVersion = 1;
	classes = {
	};
	objectVersion = 56;
	objects = {

/* Begin PBXBuildFile section */
		BE383F9D2A6307CF0098185F /* NewStartApp.swift in Sources */ = {isa = PBXBuildFile; fileRef = BE383F9C2A6307CF0098185F /* NewStartApp.swift */; };
		BE383F9F2A6307CF0098185F /* ContentView.swift in Sources */ = {isa = PBXBuildFile; fileRef = BE383F9E2A6307CF0098185F /* ContentView.swift */; };
		BE383FA12A6307D10098185F /* Assets.xcassets in Resources */ = {isa = PBXBuildFile; fileRef = BE383FA02A6307D10098185F /* Assets.xcassets */; };
		BE383FA42A6307D10098185F /* Preview Assets.xcassets in Resources */ = {isa = PBXBuildFile; fileRef = BE383FA32A6307D10098185F /* Preview Assets.xcassets */; };
		BE383FAC2A6320A00098185F /* chimeup.mp3 in Resources */ = {isa = PBXBuildFile; fileRef = BE383FAA2A6320A00098185F /* chimeup.mp3 */; };
		BE383FAD2A6320A00098185F /* success.m4a in Resources */ = {isa = PBXBuildFile; fileRef = BE383FAB2A6320A00098185F /* success.m4a */; };
		BE383FB42A6324D30098185F /* OnboardingView.swift in Sources */ = {isa = PBXBuildFile; fileRef = BE383FB32A6324D30098185F /* OnboardingView.swift */; };
		BE383FB62A6324DE0098185F /* HomeView.swift in Sources */ = {isa = PBXBuildFile; fileRef = BE383FB52A6324DE0098185F /* HomeView.swift */; };
		BEC80E0C2A639C0000E05957 /* CircleGroupView.swift in Sources */ = {isa = PBXBuildFile; fileRef = BEC80E0B2A639C0000E05957 /* CircleGroupView.swift */; };
		BEC80E0E2A63C56C00E05957 /* AudioPlayer.swift in Sources */ = {isa = PBXBuildFile; fileRef = BEC80E0D2A63C56C00E05957 /* AudioPlayer.swift */; };
/* End PBXBuildFile section */

/* Begin PBXFileReference section */
		BE383F992A6307CF0098185F /* NewStart.app */ = {isa = PBXFileReference; explicitFileType = wrapper.application; includeInIndex = 0; path = NewStart.app; sourceTree = BUILT_PRODUCTS_DIR; };
		BE383F9C2A6307CF0098185F /* NewStartApp.swift */ = {isa = PBXFileReference; lastKnownFileType = sourcecode.swift; path = NewStartApp.swift; sourceTree = "<group>"; };
		BE383F9E2A6307CF0098185F /* ContentView.swift */ = {isa = PBXFileReference; lastKnownFileType = sourcecode.swift; path = ContentView.swift; sourceTree = "<group>"; };
		BE383FA02A6307D10098185F /* Assets.xcassets */ = {isa = PBXFileReference; lastKnownFileType = folder.assetcatalog; path = Assets.xcassets; sourceTree = "<group>"; };
		BE383FA32A6307D10098185F /* Preview Assets.xcassets */ = {isa = PBXFileReference; lastKnownFileType = folder.assetcatalog; path = "Preview Assets.xcassets"; sourceTree = "<group>"; };
		BE383FAA2A6320A00098185F /* chimeup.mp3 */ = {isa = PBXFileReference; lastKnownFileType = audio.mp3; path = chimeup.mp3; sourceTree = "<group>"; };
		BE383FAB2A6320A00098185F /* success.m4a */ = {isa = PBXFileReference; lastKnownFileType = file; path = success.m4a; sourceTree = "<group>"; };
		BE383FB22A6324760098185F /* Info.plist */ = {isa = PBXFileReference; lastKnownFileType = text.plist; path = Info.plist; sourceTree = "<group>"; };
		BE383FB32A6324D30098185F /* OnboardingView.swift */ = {isa = PBXFileReference; lastKnownFileType = sourcecode.swift; path = OnboardingView.swift; sourceTree = "<group>"; };
		BE383FB52A6324DE0098185F /* HomeView.swift */ = {isa = PBXFileReference; lastKnownFileType = sourcecode.swift; path = HomeView.swift; sourceTree = "<group>"; };
		BEC80E0B2A639C0000E05957 /* CircleGroupView.swift */ = {isa = PBXFileReference; lastKnownFileType = sourcecode.swift; path = CircleGroupView.swift; sourceTree = "<group>"; };
		BEC80E0D2A63C56C00E05957 /* AudioPlayer.swift */ = {isa = PBXFileReference; lastKnownFileType = sourcecode.swift; path = AudioPlayer.swift; sourceTree = "<group>"; };
/* End PBXFileReference section */

/* Begin PBXFrameworksBuildPhase section */
		BE383F962A6307CF0098185F /* Frameworks */ = {
			isa = PBXFrameworksBuildPhase;
			buildActionMask = 2147483647;
			files = (
			);
			runOnlyForDeploymentPostprocessing = 0;
		};
/* End PBXFrameworksBuildPhase section */

/* Begin PBXGroup section */
		BE383F902A6307CF0098185F = {
			isa = PBXGroup;
			children = (
				BE383F9B2A6307CF0098185F /* NewStart */,
				BE383F9A2A6307CF0098185F /* Products */,
			);
			sourceTree = "<group>";
		};
		BE383F9A2A6307CF0098185F /* Products */ = {
			isa = PBXGroup;
			children = (
				BE383F992A6307CF0098185F /* NewStart.app */,
			);
			name = Products;
			sourceTree = "<group>";
		};
		BE383F9B2A6307CF0098185F /* NewStart */ = {
			isa = PBXGroup;
			children = (
				BE383FB22A6324760098185F /* Info.plist */,
				BE383FB12A6322780098185F /* Utilities */,
				BE383FB02A6322540098185F /* Views */,
				BE383FAE2A6320B20098185F /* Sounds */,
				BE383F9C2A6307CF0098185F /* NewStartApp.swift */,
				BE383FAF2A6322430098185F /* Screens */,
				BE383FA02A6307D10098185F /* Assets.xcassets */,
				BE383FA22A6307D10098185F /* Preview Content */,
			);
			path = NewStart;
			sourceTree = "<group>";
		};
		BE383FA22A6307D10098185F /* Preview Content */ = {
			isa = PBXGroup;
			children = (
				BE383FA32A6307D10098185F /* Preview Assets.xcassets */,
			);
			path = "Preview Content";
			sourceTree = "<group>";
		};
		BE383FAE2A6320B20098185F /* Sounds */ = {
			isa = PBXGroup;
			children = (
				BE383FAA2A6320A00098185F /* chimeup.mp3 */,
				BE383FAB2A6320A00098185F /* success.m4a */,
			);
			path = Sounds;
			sourceTree = "<group>";
		};
		BE383FAF2A6322430098185F /* Screens */ = {
			isa = PBXGroup;
			children = (
				BE383F9E2A6307CF0098185F /* ContentView.swift */,
				BE383FB32A6324D30098185F /* OnboardingView.swift */,
				BE383FB52A6324DE0098185F /* HomeView.swift */,
			);
			path = Screens;
			sourceTree = "<group>";
		};
		BE383FB02A6322540098185F /* Views */ = {
			isa = PBXGroup;
			children = (
				BEC80E0B2A639C0000E05957 /* CircleGroupView.swift */,
			);
			path = Views;
			sourceTree = "<group>";
		};
		BE383FB12A6322780098185F /* Utilities */ = {
			isa = PBXGroup;
			children = (
				BEC80E0D2A63C56C00E05957 /* AudioPlayer.swift */,
			);
			path = Utilities;
			sourceTree = "<group>";
		};
/* End PBXGroup section */

/* Begin PBXNativeTarget section */
		BE383F982A6307CF0098185F /* NewStart */ = {
			isa = PBXNativeTarget;
			buildConfigurationList = BE383FA72A6307D10098185F /* Build configuration list for PBXNativeTarget "NewStart" */;
			buildPhases = (
				BE383F952A6307CF0098185F /* Sources */,
				BE383F962A6307CF0098185F /* Frameworks */,
				BE383F972A6307CF0098185F /* Resources */,
			);
			buildRules = (
			);
			dependencies = (
			);
			name = NewStart;
			productName = NewStart;
			productReference = BE383F992A6307CF0098185F /* NewStart.app */;
			productType = "com.apple.product-type.application";
		};
/* End PBXNativeTarget section */

/* Begin PBXProject section */
		BE383F912A6307CF0098185F /* Project object */ = {
			isa = PBXProject;
			attributes = {
				BuildIndependentTargetsInParallel = 1;
				LastSwiftUpdateCheck = 1430;
				LastUpgradeCheck = 1430;
				TargetAttributes = {
					BE383F982A6307CF0098185F = {
						CreatedOnToolsVersion = 14.3.1;
					};
				};
			};
			buildConfigurationList = BE383F942A6307CF0098185F /* Build configuration list for PBXProject "NewStart" */;
			compatibilityVersion = "Xcode 14.0";
			developmentRegion = en;
			hasScannedForEncodings = 0;
			knownRegions = (
				en,
				Base,
			);
			mainGroup = BE383F902A6307CF0098185F;
			productRefGroup = BE383F9A2A6307CF0098185F /* Products */;
			projectDirPath = "";
			projectRoot = "";
			targets = (
				BE383F982A6307CF0098185F /* NewStart */,
			);
		};
/* End PBXProject section */

/* Begin PBXResourcesBuildPhase section */
		BE383F972A6307CF0098185F /* Resources */ = {
			isa = PBXResourcesBuildPhase;
			buildActionMask = 2147483647;
			files = (
				BE383FAD2A6320A00098185F /* success.m4a in Resources */,
				BE383FAC2A6320A00098185F /* chimeup.mp3 in Resources */,
				BE383FA42A6307D10098185F /* Preview Assets.xcassets in Resources */,
				BE383FA12A6307D10098185F /* Assets.xcassets in Resources */,
			);
			runOnlyForDeploymentPostprocessing = 0;
		};
/* End PBXResourcesBuildPhase section */

/* Begin PBXSourcesBuildPhase section */
		BE383F952A6307CF0098185F /* Sources */ = {
			isa = PBXSourcesBuildPhase;
			buildActionMask = 2147483647;
			files = (
				BEC80E0C2A639C0000E05957 /* CircleGroupView.swift in Sources */,
				BE383FB42A6324D30098185F /* OnboardingView.swift in Sources */,
				BE383FB62A6324DE0098185F /* HomeView.swift in Sources */,
				BE383F9F2A6307CF0098185F /* ContentView.swift in Sources */,
				BE383F9D2A6307CF0098185F /* NewStartApp.swift in Sources */,
				BEC80E0E2A63C56C00E05957 /* AudioPlayer.swift in Sources */,
			);
			runOnlyForDeploymentPostprocessing = 0;
		};
/* End PBXSourcesBuildPhase section */

/* Begin XCBuildConfiguration section */
		BE383FA52A6307D10098185F /* Debug */ = {
			isa = XCBuildConfiguration;
			buildSettings = {
				ALWAYS_SEARCH_USER_PATHS = NO;
				CLANG_ANALYZER_NONNULL = YES;
				CLANG_ANALYZER_NUMBER_OBJECT_CONVERSION = YES_AGGRESSIVE;
				CLANG_CXX_LANGUAGE_STANDARD = "gnu++20";
				CLANG_ENABLE_MODULES = YES;
				CLANG_ENABLE_OBJC_ARC = YES;
				CLANG_ENABLE_OBJC_WEAK = YES;
				CLANG_WARN_BLOCK_CAPTURE_AUTORELEASING = YES;
				CLANG_WARN_BOOL_CONVERSION = YES;
				CLANG_WARN_COMMA = YES;
				CLANG_WARN_CONSTANT_CONVERSION = YES;
				CLANG_WARN_DEPRECATED_OBJC_IMPLEMENTATIONS = YES;
				CLANG_WARN_DIRECT_OBJC_ISA_USAGE = YES_ERROR;
				CLANG_WARN_DOCUMENTATION_COMMENTS = YES;
				CLANG_WARN_EMPTY_BODY = YES;
				CLANG_WARN_ENUM_CONVERSION = YES;
				CLANG_WARN_INFINITE_RECURSION = YES;
				CLANG_WARN_INT_CONVERSION = YES;
				CLANG_WARN_NON_LITERAL_NULL_CONVERSION = YES;
				CLANG_WARN_OBJC_IMPLICIT_RETAIN_SELF = YES;
				CLANG_WARN_OBJC_LITERAL_CONVERSION = YES;
				CLANG_WARN_OBJC_ROOT_CLASS = YES_ERROR;
				CLANG_WARN_QUOTED_INCLUDE_IN_FRAMEWORK_HEADER = YES;
				CLANG_WARN_RANGE_LOOP_ANALYSIS = YES;
				CLANG_WARN_STRICT_PROTOTYPES = YES;
				CLANG_WARN_SUSPICIOUS_MOVE = YES;
				CLANG_WARN_UNGUARDED_AVAILABILITY = YES_AGGRESSIVE;
				CLANG_WARN_UNREACHABLE_CODE = YES;
				CLANG_WARN__DUPLICATE_METHOD_MATCH = YES;
				COPY_PHASE_STRIP = NO;
				DEBUG_INFORMATION_FORMAT = dwarf;
				ENABLE_STRICT_OBJC_MSGSEND = YES;
				ENABLE_TESTABILITY = YES;
				GCC_C_LANGUAGE_STANDARD = gnu11;
				GCC_DYNAMIC_NO_PIC = NO;
				GCC_NO_COMMON_BLOCKS = YES;
				GCC_OPTIMIZATION_LEVEL = 0;
				GCC_PREPROCESSOR_DEFINITIONS = (
					"DEBUG=1",
					"$(inherited)",
				);
				GCC_WARN_64_TO_32_BIT_CONVERSION = YES;
				GCC_WARN_ABOUT_RETURN_TYPE = YES_ERROR;
				GCC_WARN_UNDECLARED_SELECTOR = YES;
				GCC_WARN_UNINITIALIZED_AUTOS = YES_AGGRESSIVE;
				GCC_WARN_UNUSED_FUNCTION = YES;
				GCC_WARN_UNUSED_VARIABLE = YES;
				IPHONEOS_DEPLOYMENT_TARGET = 16.4;
				MTL_ENABLE_DEBUG_INFO = INCLUDE_SOURCE;
				MTL_FAST_MATH = YES;
				ONLY_ACTIVE_ARCH = YES;
				SDKROOT = iphoneos;
				SWIFT_ACTIVE_COMPILATION_CONDITIONS = DEBUG;
				SWIFT_OPTIMIZATION_LEVEL = "-Onone";
			};
			name = Debug;
		};
		BE383FA62A6307D10098185F /* Release */ = {
			isa = XCBuildConfiguration;
			buildSettings = {
				ALWAYS_SEARCH_USER_PATHS = NO;
				CLANG_ANALYZER_NONNULL = YES;
				CLANG_ANALYZER_NUMBER_OBJECT_CONVERSION = YES_AGGRESSIVE;
				CLANG_CXX_LANGUAGE_STANDARD = "gnu++20";
				CLANG_ENABLE_MODULES = YES;
				CLANG_ENABLE_OBJC_ARC = YES;
				CLANG_ENABLE_OBJC_WEAK = YES;
				CLANG_WARN_BLOCK_CAPTURE_AUTORELEASING = YES;
				CLANG_WARN_BOOL_CONVERSION = YES;
				CLANG_WARN_COMMA = YES;
				CLANG_WARN_CONSTANT_CONVERSION = YES;
				CLANG_WARN_DEPRECATED_OBJC_IMPLEMENTATIONS = YES;
				CLANG_WARN_DIRECT_OBJC_ISA_USAGE = YES_ERROR;
				CLANG_WARN_DOCUMENTATION_COMMENTS = YES;
				CLANG_WARN_EMPTY_BODY = YES;
				CLANG_WARN_ENUM_CONVERSION = YES;
				CLANG_WARN_INFINITE_RECURSION = YES;
				CLANG_WARN_INT_CONVERSION = YES;
				CLANG_WARN_NON_LITERAL_NULL_CONVERSION = YES;
				CLANG_WARN_OBJC_IMPLICIT_RETAIN_SELF = YES;
				CLANG_WARN_OBJC_LITERAL_CONVERSION = YES;
				CLANG_WARN_OBJC_ROOT_CLASS = YES_ERROR;
				CLANG_WARN_QUOTED_INCLUDE_IN_FRAMEWORK_HEADER = YES;
				CLANG_WARN_RANGE_LOOP_ANALYSIS = YES;
				CLANG_WARN_STRICT_PROTOTYPES = YES;
				CLANG_WARN_SUSPICIOUS_MOVE = YES;
				CLANG_WARN_UNGUARDED_AVAILABILITY = YES_AGGRESSIVE;
				CLANG_WARN_UNREACHABLE_CODE = YES;
				CLANG_WARN__DUPLICATE_METHOD_MATCH = YES;
				COPY_PHASE_STRIP = NO;
				DEBUG_INFORMATION_FORMAT = "dwarf-with-dsym";
				ENABLE_NS_ASSERTIONS = NO;
				ENABLE_STRICT_OBJC_MSGSEND = YES;
				GCC_C_LANGUAGE_STANDARD = gnu11;
				GCC_NO_COMMON_BLOCKS = YES;
				GCC_WARN_64_TO_32_BIT_CONVERSION = YES;
				GCC_WARN_ABOUT_RETURN_TYPE = YES_ERROR;
				GCC_WARN_UNDECLARED_SELECTOR = YES;
				GCC_WARN_UNINITIALIZED_AUTOS = YES_AGGRESSIVE;
				GCC_WARN_UNUSED_FUNCTION = YES;
				GCC_WARN_UNUSED_VARIABLE = YES;
				IPHONEOS_DEPLOYMENT_TARGET = 16.4;
				MTL_ENABLE_DEBUG_INFO = NO;
				MTL_FAST_MATH = YES;
				SDKROOT = iphoneos;
				SWIFT_COMPILATION_MODE = wholemodule;
				SWIFT_OPTIMIZATION_LEVEL = "-O";
				VALIDATE_PRODUCT = YES;
			};
			name = Release;
		};
		BE383FA82A6307D10098185F /* Debug */ = {
			isa = XCBuildConfiguration;
			buildSettings = {
				ASSETCATALOG_COMPILER_APPICON_NAME = AppIcon;
				ASSETCATALOG_COMPILER_GLOBAL_ACCENT_COLOR_NAME = AccentColor;
				CODE_SIGN_STYLE = Automatic;
				CURRENT_PROJECT_VERSION = 1;
				DEVELOPMENT_ASSET_PATHS = "\"NewStart/Preview Content\"";
				DEVELOPMENT_TEAM = TB9FQULP95;
				ENABLE_PREVIEWS = YES;
				GENERATE_INFOPLIST_FILE = YES;
				INFOPLIST_FILE = NewStart/Info.plist;
				INFOPLIST_KEY_UIApplicationSceneManifest_Generation = YES;
				INFOPLIST_KEY_UIApplicationSupportsIndirectInputEvents = YES;
				INFOPLIST_KEY_UISupportedInterfaceOrientations = UIInterfaceOrientationPortrait;
				IPHONEOS_DEPLOYMENT_TARGET = 15.0;
				LD_RUNPATH_SEARCH_PATHS = (
					"$(inherited)",
					"@executable_path/Frameworks",
				);
				MARKETING_VERSION = 1.0;
				PRODUCT_BUNDLE_IDENTIFIER = com.vedatozlu.NewStart;
				PRODUCT_NAME = "$(TARGET_NAME)";
				SWIFT_EMIT_LOC_STRINGS = YES;
				SWIFT_VERSION = 5.0;
				TARGETED_DEVICE_FAMILY = "1,2";
			};
			name = Debug;
		};
		BE383FA92A6307D10098185F /* Release */ = {
			isa = XCBuildConfiguration;
			buildSettings = {
				ASSETCATALOG_COMPILER_APPICON_NAME = AppIcon;
				ASSETCATALOG_COMPILER_GLOBAL_ACCENT_COLOR_NAME = AccentColor;
				CODE_SIGN_STYLE = Automatic;
				CURRENT_PROJECT_VERSION = 1;
				DEVELOPMENT_ASSET_PATHS = "\"NewStart/Preview Content\"";
				DEVELOPMENT_TEAM = TB9FQULP95;
				ENABLE_PREVIEWS = YES;
				GENERATE_INFOPLIST_FILE = YES;
				INFOPLIST_FILE = NewStart/Info.plist;
				INFOPLIST_KEY_UIApplicationSceneManifest_Generation = YES;
				INFOPLIST_KEY_UIApplicationSupportsIndirectInputEvents = YES;
				INFOPLIST_KEY_UISupportedInterfaceOrientations = UIInterfaceOrientationPortrait;
				IPHONEOS_DEPLOYMENT_TARGET = 15.0;
				LD_RUNPATH_SEARCH_PATHS = (
					"$(inherited)",
					"@executable_path/Frameworks",
				);
				MARKETING_VERSION = 1.0;
				PRODUCT_BUNDLE_IDENTIFIER = com.vedatozlu.NewStart;
				PRODUCT_NAME = "$(TARGET_NAME)";
				SWIFT_EMIT_LOC_STRINGS = YES;
				SWIFT_VERSION = 5.0;
				TARGETED_DEVICE_FAMILY = "1,2";
			};
			name = Release;
		};
/* End XCBuildConfiguration section */

/* Begin XCConfigurationList section */
		BE383F942A6307CF0098185F /* Build configuration list for PBXProject "NewStart" */ = {
			isa = XCConfigurationList;
			buildConfigurations = (
				BE383FA52A6307D10098185F /* Debug */,
				BE383FA62A6307D10098185F /* Release */,
			);
			defaultConfigurationIsVisible = 0;
			defaultConfigurationName = Release;
		};
		BE383FA72A6307D10098185F /* Build configuration list for PBXNativeTarget "NewStart" */ = {
			isa = XCConfigurationList;
			buildConfigurations = (
				BE383FA82A6307D10098185F /* Debug */,
				BE383FA92A6307D10098185F /* Release */,
			);
			defaultConfigurationIsVisible = 0;
			defaultConfigurationName = Release;
		};
/* End XCConfigurationList section */
	};
	rootObject = BE383F912A6307CF0098185F /* Project object */;
}
